
Microsoft Visual Studio Solution File, Format Version 12.00
# Visual Studio Version 17
VisualStudioVersion = 17.13.35931.197
MinimumVisualStudioVersion = 10.0.40219.1
Project("{FAE04EC0-301F-11D3-BF4B-00C04F79EFBC}") = "DigitTwin.Lib.Contracts", "DigitTwin.Lib.Contracts\DigitTwin.Lib.Contracts.csproj", "{889114DC-20A3-4D62-A546-6E5BA2FAF8F7}"
EndProject
Project("{FAE04EC0-301F-11D3-BF4B-00C04F79EFBC}") = "DigitTwin.Lib.Geo.Abstractions", "DigitTwin.Lib.Geo.Abstractions\DigitTwin.Lib.Geo.Abstractions.csproj", "{03463796-55CA-4AA3-87AB-B34324F1C6CA}"
EndProject
Project("{FAE04EC0-301F-11D3-BF4B-00C04F79EFBC}") = "DigitTwin.Lib.EventBroker", "DigitTwin.Lib.EventBroker\DigitTwin.Lib.EventBroker.csproj", "{ACB5BC8F-59E4-4D38-A26D-56B3E453EDA8}"
EndProject
Project("{FAE04EC0-301F-11D3-BF4B-00C04F79EFBC}") = "DigitTwin.Lib.Validator", "DigitTwin.Lib.Validator\DigitTwin.Lib.Validator.csproj", "{7393F240-2C53-474E-AB4D-E6715E44548B}"
EndProject
Global
	GlobalSection(SolutionConfigurationPlatforms) = preSolution
		Debug|Any CPU = Debug|Any CPU
		Release|Any CPU = Release|Any CPU
	EndGlobalSection
	GlobalSection(ProjectConfigurationPlatforms) = postSolution
		{889114DC-20A3-4D62-A546-6E5BA2FAF8F7}.Debug|Any CPU.ActiveCfg = Debug|Any CPU
		{889114DC-20A3-4D62-A546-6E5BA2FAF8F7}.Debug|Any CPU.Build.0 = Debug|Any CPU
		{889114DC-20A3-4D62-A546-6E5BA2FAF8F7}.Release|Any CPU.ActiveCfg = Release|Any CPU
		{889114DC-20A3-4D62-A546-6E5BA2FAF8F7}.Release|Any CPU.Build.0 = Release|Any CPU
		{03463796-55CA-4AA3-87AB-B34324F1C6CA}.Debug|Any CPU.ActiveCfg = Debug|Any CPU
		{03463796-55CA-4AA3-87AB-B34324F1C6CA}.Debug|Any CPU.Build.0 = Debug|Any CPU
		{03463796-55CA-4AA3-87AB-B34324F1C6CA}.Release|Any CPU.ActiveCfg = Release|Any CPU
		{03463796-55CA-4AA3-87AB-B34324F1C6CA}.Release|Any CPU.Build.0 = Release|Any CPU
		{ACB5BC8F-59E4-4D38-A26D-56B3E453EDA8}.Debug|Any CPU.ActiveCfg = Debug|Any CPU
		{ACB5BC8F-59E4-4D38-A26D-56B3E453EDA8}.Debug|Any CPU.Build.0 = Debug|Any CPU
		{ACB5BC8F-59E4-4D38-A26D-56B3E453EDA8}.Release|Any CPU.ActiveCfg = Release|Any CPU
		{ACB5BC8F-59E4-4D38-A26D-56B3E453EDA8}.Release|Any CPU.Build.0 = Release|Any CPU
		{7393F240-2C53-474E-AB4D-E6715E44548B}.Debug|Any CPU.ActiveCfg = Debug|Any CPU
		{7393F240-2C53-474E-AB4D-E6715E44548B}.Debug|Any CPU.Build.0 = Debug|Any CPU
		{7393F240-2C53-474E-AB4D-E6715E44548B}.Release|Any CPU.ActiveCfg = Release|Any CPU
		{7393F240-2C53-474E-AB4D-E6715E44548B}.Release|Any CPU.Build.0 = Release|Any CPU
	EndGlobalSection
	GlobalSection(SolutionProperties) = preSolution
		HideSolutionNode = FALSE
	EndGlobalSection
	GlobalSection(ExtensibilityGlobals) = postSolution
		SolutionGuid = {92E8D1E6-03E5-47FC-8199-5AD97342240D}
	EndGlobalSection
EndGlobal
